
Microsoft Visual Studio Solution File, Format Version 12.00
# Visual Studio Version 16
VisualStudioVersion = 16.0.29519.87
MinimumVisualStudioVersion = 10.0.40219.1
Project("{9A19103F-16F7-4668-BE54-9A1E7A4F7556}") = "Gibr_Lab7", "Gibr_Lab7\Gibr_Lab7.csproj", "{E8B92EC1-C374-47D1-B747-E3485D113A4E}"
EndProject
Project("{9A19103F-16F7-4668-BE54-9A1E7A4F7556}") = "Gibr_Lab7Test", "Gibr_Lab7Test\Gibr_Lab7Test.csproj", "{83365267-CB3F-4251-B9D8-F13989851BCC}"
EndProject
Global
	GlobalSection(SolutionConfigurationPlatforms) = preSolution
		Debug|Any CPU = Debug|Any CPU
		Release|Any CPU = Release|Any CPU
	EndGlobalSection
	GlobalSection(ProjectConfigurationPlatforms) = postSolution
		{E8B92EC1-C374-47D1-B747-E3485D113A4E}.Debug|Any CPU.ActiveCfg = Debug|Any CPU
		{E8B92EC1-C374-47D1-B747-E3485D113A4E}.Debug|Any CPU.Build.0 = Debug|Any CPU
		{E8B92EC1-C374-47D1-B747-E3485D113A4E}.Release|Any CPU.ActiveCfg = Release|Any CPU
		{E8B92EC1-C374-47D1-B747-E3485D113A4E}.Release|Any CPU.Build.0 = Release|Any CPU
		{83365267-CB3F-4251-B9D8-F13989851BCC}.Debug|Any CPU.ActiveCfg = Debug|Any CPU
		{83365267-CB3F-4251-B9D8-F13989851BCC}.Debug|Any CPU.Build.0 = Debug|Any CPU
		{83365267-CB3F-4251-B9D8-F13989851BCC}.Release|Any CPU.ActiveCfg = Release|Any CPU
		{83365267-CB3F-4251-B9D8-F13989851BCC}.Release|Any CPU.Build.0 = Release|Any CPU
	EndGlobalSection
	GlobalSection(SolutionProperties) = preSolution
		HideSolutionNode = FALSE
	EndGlobalSection
	GlobalSection(ExtensibilityGlobals) = postSolution
		SolutionGuid = {331ADFE8-81A3-41CE-9ED3-AD60A66D089D}
	EndGlobalSection
EndGlobal
